
Microsoft Visual Studio Solution File, Format Version 12.00
# Visual Studio 15
VisualStudioVersion = 15.0.28307.136
MinimumVisualStudioVersion = 10.0.40219.1
Project("{FAE04EC0-301F-11D3-BF4B-00C04F79EFBC}") = "CorrectVehicleStatuses", "CorrectVehicleStatuses\CorrectVehicleStatuses.csproj", "{85005319-96B1-4FA5-A71F-98333E9A9603}"
EndProject
Global
	GlobalSection(SolutionConfigurationPlatforms) = preSolution
		Debug|Any CPU = Debug|Any CPU
		Release|Any CPU = Release|Any CPU
	EndGlobalSection
	GlobalSection(ProjectConfigurationPlatforms) = postSolution
		{85005319-96B1-4FA5-A71F-98333E9A9603}.Debug|Any CPU.ActiveCfg = Debug|Any CPU
		{85005319-96B1-4FA5-A71F-98333E9A9603}.Debug|Any CPU.Build.0 = Debug|Any CPU
		{85005319-96B1-4FA5-A71F-98333E9A9603}.Release|Any CPU.ActiveCfg = Release|Any CPU
		{85005319-96B1-4FA5-A71F-98333E9A9603}.Release|Any CPU.Build.0 = Release|Any CPU
	EndGlobalSection
	GlobalSection(SolutionProperties) = preSolution
		HideSolutionNode = FALSE
	EndGlobalSection
	GlobalSection(ExtensibilityGlobals) = postSolution
		SolutionGuid = {61E9497D-7597-4DB5-90A3-C9803DE34DCA}
	EndGlobalSection
EndGlobal
